// !$*UTF8*$!
{
	archiveVersion = 1;
	classes = {
	};
	objectVersion = 50;
	objects = {

/* Begin PBXBuildFile section */
		F0053800261C3BA10063D456 /* CloudKit.framework in Frameworks */ = {isa = PBXBuildFile; fileRef = F00537FF261C3BA10063D456 /* CloudKit.framework */; };
		F007E804264E80CA00A32358 /* SpeedAchievementList.swift in Sources */ = {isa = PBXBuildFile; fileRef = F007E803264E80CA00A32358 /* SpeedAchievementList.swift */; };
		F007E806264E812900A32358 /* auxViews.swift in Sources */ = {isa = PBXBuildFile; fileRef = F007E805264E812900A32358 /* auxViews.swift */; };
		F013E97B25EDE26A00FCBCD4 /* tutorialEngine.swift in Sources */ = {isa = PBXBuildFile; fileRef = F013E97A25EDE26A00FCBCD4 /* tutorialEngine.swift */; };
		F013E98325EE607E00FCBCD4 /* commonFunctions.swift in Sources */ = {isa = PBXBuildFile; fileRef = F013E98225EE607E00FCBCD4 /* commonFunctions.swift */; };
		F019984725EC5E5800946AD8 /* noobView.swift in Sources */ = {isa = PBXBuildFile; fileRef = F019984625EC5E5800946AD8 /* noobView.swift */; };
		F01DAD3D25EBEFBC0096740B /* LevelAchievementList.swift in Sources */ = {isa = PBXBuildFile; fileRef = F01DAD3C25EBEFBC0096740B /* LevelAchievementList.swift */; };
		F01DAD4925EBF2D00096740B /* personaFocusView.swift in Sources */ = {isa = PBXBuildFile; fileRef = F01DAD4825EBF2D00096740B /* personaFocusView.swift */; };
		F02AB9F525E39EA7008EBE91 /* SolverView.swift in Sources */ = {isa = PBXBuildFile; fileRef = F02AB9F425E39EA7008EBE91 /* SolverView.swift */; };
		F02AB9FA25E39EFD008EBE91 /* navBarButton.swift in Sources */ = {isa = PBXBuildFile; fileRef = F02AB9F925E39EFD008EBE91 /* navBarButton.swift */; };
		F02AB9FF25E4AF11008EBE91 /* konamiView.swift in Sources */ = {isa = PBXBuildFile; fileRef = F02AB9FE25E4AF11008EBE91 /* konamiView.swift */; };
		F02D3F1225F279800063716D /* generator24.cpp in Sources */ = {isa = PBXBuildFile; fileRef = F02D3F1025F279800063716D /* generator24.cpp */; };
		F030AA1526AED0DB0019CCC4 /* SolverKeyboard.swift in Sources */ = {isa = PBXBuildFile; fileRef = F030AA1426AED0DB0019CCC4 /* SolverKeyboard.swift */; };
		F030AA1726AED32D0019CCC4 /* RoundSpecificCorners.swift in Sources */ = {isa = PBXBuildFile; fileRef = F030AA1626AED32D0019CCC4 /* RoundSpecificCorners.swift */; };
		F034A34D262196E400528E6F /* MacTwentyFourPointsApp.swift in Sources */ = {isa = PBXBuildFile; fileRef = F034A34C262196E400528E6F /* MacTwentyFourPointsApp.swift */; };
		F034A34F262196E400528E6F /* ContentView.swift in Sources */ = {isa = PBXBuildFile; fileRef = F034A34E262196E400528E6F /* ContentView.swift */; };
		F034A351262196E500528E6F /* Assets.xcassets in Resources */ = {isa = PBXBuildFile; fileRef = F034A350262196E500528E6F /* Assets.xcassets */; };
		F034A354262196E500528E6F /* Preview Assets.xcassets in Resources */ = {isa = PBXBuildFile; fileRef = F034A353262196E500528E6F /* Preview Assets.xcassets */; };
		F034A360262196E500528E6F /* MacTwentyFourPointsTests.swift in Sources */ = {isa = PBXBuildFile; fileRef = F034A35F262196E500528E6F /* MacTwentyFourPointsTests.swift */; };
		F034A36B262196E500528E6F /* MacTwentyFourPointsUITests.swift in Sources */ = {isa = PBXBuildFile; fileRef = F034A36A262196E500528E6F /* MacTwentyFourPointsUITests.swift */; };
		F037DB2425F63D5900872526 /* InfoPlist.strings in Resources */ = {isa = PBXBuildFile; fileRef = F037DB2625F63D5900872526 /* InfoPlist.strings */; };
		F037DB3325F6466700872526 /* GameKit.framework in Frameworks */ = {isa = PBXBuildFile; fileRef = F037DB3225F6466700872526 /* GameKit.framework */; };
		F04034E726A5FCEB00E84603 /* CalcEngine.swift in Sources */ = {isa = PBXBuildFile; fileRef = F04034E626A5FCEB00E84603 /* CalcEngine.swift */; };
		F04034EB26A5FF4100E84603 /* utils.swift in Sources */ = {isa = PBXBuildFile; fileRef = F04034EA26A5FF4100E84603 /* utils.swift */; };
		F04034ED26A6029800E84603 /* ProblemEngine.swift in Sources */ = {isa = PBXBuildFile; fileRef = F04034EC26A6029800E84603 /* ProblemEngine.swift */; };
		F055928025E8694400688D2C /* AchievementData.swift in Sources */ = {isa = PBXBuildFile; fileRef = F055927F25E8694400688D2C /* AchievementData.swift */; };
		F060656725F61D1700C62C29 /* Localizable.strings in Resources */ = {isa = PBXBuildFile; fileRef = F060656925F61D1700C62C29 /* Localizable.strings */; };
		F08DF54B260733980082458B /* solverEngine.swift in Sources */ = {isa = PBXBuildFile; fileRef = F08DF54A260733980082458B /* solverEngine.swift */; };
		F0A16D9025E76C5600C46C62 /* achievementView.swift in Sources */ = {isa = PBXBuildFile; fileRef = F0A16D8F25E76C5600C46C62 /* achievementView.swift */; };
		F0AB4EF825EBDAAE009F53CB /* AchievementPropic.swift in Sources */ = {isa = PBXBuildFile; fileRef = F0AB4EF725EBDAAE009F53CB /* AchievementPropic.swift */; };
		F0AB4EFD25EBE422009F53CB /* PersonaDetail.swift in Sources */ = {isa = PBXBuildFile; fileRef = F0AB4EFC25EBE422009F53CB /* PersonaDetail.swift */; };
		F0B2E1D625D8D41D007DF20E /* TwentyFourPointsApp.swift in Sources */ = {isa = PBXBuildFile; fileRef = F0B2E1D525D8D41D007DF20E /* TwentyFourPointsApp.swift */; };
		F0B2E1D825D8D41D007DF20E /* ProblemView.swift in Sources */ = {isa = PBXBuildFile; fileRef = F0B2E1D725D8D41D007DF20E /* ProblemView.swift */; };
		F0B2E1DA25D8D41E007DF20E /* Assets.xcassets in Resources */ = {isa = PBXBuildFile; fileRef = F0B2E1D925D8D41E007DF20E /* Assets.xcassets */; };
		F0B2E1DD25D8D41E007DF20E /* Preview Assets.xcassets in Resources */ = {isa = PBXBuildFile; fileRef = F0B2E1DC25D8D41E007DF20E /* Preview Assets.xcassets */; };
		F0B2E1E825D8D41F007DF20E /* TwentyFourPointsTests.swift in Sources */ = {isa = PBXBuildFile; fileRef = F0B2E1E725D8D41F007DF20E /* TwentyFourPointsTests.swift */; };
		F0B2E1F325D8D41F007DF20E /* TwentyFourPointsUITests.swift in Sources */ = {isa = PBXBuildFile; fileRef = F0B2E1F225D8D41F007DF20E /* TwentyFourPointsUITests.swift */; };
		F0B2E20C25D8D496007DF20E /* Card.swift in Sources */ = {isa = PBXBuildFile; fileRef = F0B2E20B25D8D496007DF20E /* Card.swift */; };
		F0B2E21725D91617007DF20E /* CardLayout.swift in Sources */ = {isa = PBXBuildFile; fileRef = F0B2E21625D91617007DF20E /* CardLayout.swift */; };
		F0B2E21C25D91652007DF20E /* AppEngine.swift in Sources */ = {isa = PBXBuildFile; fileRef = F0B2E21B25D91652007DF20E /* AppEngine.swift */; };
		F0B2E22A25D9505A007DF20E /* BottomButtons.swift in Sources */ = {isa = PBXBuildFile; fileRef = F0B2E22925D9505A007DF20E /* BottomButtons.swift */; };
		F0B3469825EF5D13001938A8 /* InGameRankUpView.swift in Sources */ = {isa = PBXBuildFile; fileRef = F0B3469025EF5B77001938A8 /* InGameRankUpView.swift */; };
		F0B346D725F05573001938A8 /* confettiView.swift in Sources */ = {isa = PBXBuildFile; fileRef = F0B346D625F05572001938A8 /* confettiView.swift */; };
		F0B5B44525E28FBE0073606E /* mainView.swift in Sources */ = {isa = PBXBuildFile; fileRef = F0B5B44425E28FBE0073606E /* mainView.swift */; };
		F0CFB9342617662F00D66135 /* secrets.swift in Sources */ = {isa = PBXBuildFile; fileRef = F0CFB9332617662F00D66135 /* secrets.swift */; };
		F0E5FA6925F4AE4E0010E8A9 /* UIRotationObserver.swift in Sources */ = {isa = PBXBuildFile; fileRef = F0E5FA6125F4AC9B0010E8A9 /* UIRotationObserver.swift */; };
		F0E7271725DFC7BF00403CDD /* TopBar.swift in Sources */ = {isa = PBXBuildFile; fileRef = F0E7271625DFC7BF00403CDD /* TopBar.swift */; };
		F0F75723264139D800232985 /* whatsnewview.swift in Sources */ = {isa = PBXBuildFile; fileRef = F0F75722264139D800232985 /* whatsnewview.swift */; };
		F0FF2E8B25F364740097B4A0 /* PreferencesView.swift in Sources */ = {isa = PBXBuildFile; fileRef = F0FF2E8A25F364740097B4A0 /* PreferencesView.swift */; };
		F0FFF9B425ECB40000E90620 /* constants.swift in Sources */ = {isa = PBXBuildFile; fileRef = F0FFF9B325ECB40000E90620 /* constants.swift */; };
		F0FFF9BC25ECB8F600E90620 /* noobLayout.swift in Sources */ = {isa = PBXBuildFile; fileRef = F0FFF9BB25ECB8F600E90620 /* noobLayout.swift */; };
		F0FFF9C125ECD84300E90620 /* TutorialTextView.swift in Sources */ = {isa = PBXBuildFile; fileRef = F0FFF9C025ECD84200E90620 /* TutorialTextView.swift */; };
/* End PBXBuildFile section */

/* Begin PBXContainerItemProxy section */
		F034A35C262196E500528E6F /* PBXContainerItemProxy */ = {
			isa = PBXContainerItemProxy;
			containerPortal = F0B2E1CA25D8D41D007DF20E /* Project object */;
			proxyType = 1;
			remoteGlobalIDString = F034A349262196E400528E6F;
			remoteInfo = MacTwentyFourPoints;
		};
		F034A367262196E500528E6F /* PBXContainerItemProxy */ = {
			isa = PBXContainerItemProxy;
			containerPortal = F0B2E1CA25D8D41D007DF20E /* Project object */;
			proxyType = 1;
			remoteGlobalIDString = F034A349262196E400528E6F;
			remoteInfo = MacTwentyFourPoints;
		};
		F0B2E1E425D8D41F007DF20E /* PBXContainerItemProxy */ = {
			isa = PBXContainerItemProxy;
			containerPortal = F0B2E1CA25D8D41D007DF20E /* Project object */;
			proxyType = 1;
			remoteGlobalIDString = F0B2E1D125D8D41D007DF20E;
			remoteInfo = TwentyFourPoints;
		};
		F0B2E1EF25D8D41F007DF20E /* PBXContainerItemProxy */ = {
			isa = PBXContainerItemProxy;
			containerPortal = F0B2E1CA25D8D41D007DF20E /* Project object */;
			proxyType = 1;
			remoteGlobalIDString = F0B2E1D125D8D41D007DF20E;
			remoteInfo = TwentyFourPoints;
		};
/* End PBXContainerItemProxy section */

/* Begin PBXFileReference section */
		F00537FF261C3BA10063D456 /* CloudKit.framework */ = {isa = PBXFileReference; lastKnownFileType = wrapper.framework; name = CloudKit.framework; path = System/Library/Frameworks/CloudKit.framework; sourceTree = SDKROOT; };
		F007E803264E80CA00A32358 /* SpeedAchievementList.swift */ = {isa = PBXFileReference; lastKnownFileType = sourcecode.swift; path = SpeedAchievementList.swift; sourceTree = "<group>"; };
		F007E805264E812900A32358 /* auxViews.swift */ = {isa = PBXFileReference; lastKnownFileType = sourcecode.swift; path = auxViews.swift; sourceTree = "<group>"; };
		F013E97A25EDE26A00FCBCD4 /* tutorialEngine.swift */ = {isa = PBXFileReference; lastKnownFileType = sourcecode.swift; path = tutorialEngine.swift; sourceTree = "<group>"; };
		F013E98225EE607E00FCBCD4 /* commonFunctions.swift */ = {isa = PBXFileReference; lastKnownFileType = sourcecode.swift; path = commonFunctions.swift; sourceTree = "<group>"; };
		F019984625EC5E5800946AD8 /* noobView.swift */ = {isa = PBXFileReference; lastKnownFileType = sourcecode.swift; path = noobView.swift; sourceTree = "<group>"; };
		F01DAD3C25EBEFBC0096740B /* LevelAchievementList.swift */ = {isa = PBXFileReference; lastKnownFileType = sourcecode.swift; path = LevelAchievementList.swift; sourceTree = "<group>"; };
		F01DAD4825EBF2D00096740B /* personaFocusView.swift */ = {isa = PBXFileReference; lastKnownFileType = sourcecode.swift; path = personaFocusView.swift; sourceTree = "<group>"; };
		F02AB9F425E39EA7008EBE91 /* SolverView.swift */ = {isa = PBXFileReference; lastKnownFileType = sourcecode.swift; path = SolverView.swift; sourceTree = "<group>"; };
		F02AB9F925E39EFD008EBE91 /* navBarButton.swift */ = {isa = PBXFileReference; lastKnownFileType = sourcecode.swift; path = navBarButton.swift; sourceTree = "<group>"; };
		F02AB9FE25E4AF11008EBE91 /* konamiView.swift */ = {isa = PBXFileReference; lastKnownFileType = sourcecode.swift; path = konamiView.swift; sourceTree = "<group>"; };
		F02D3F0F25F279800063716D /* TwentyFourPoints-Bridging-Header.h */ = {isa = PBXFileReference; lastKnownFileType = sourcecode.c.h; path = "TwentyFourPoints-Bridging-Header.h"; sourceTree = "<group>"; };
		F02D3F1025F279800063716D /* generator24.cpp */ = {isa = PBXFileReference; lastKnownFileType = sourcecode.cpp.cpp; path = generator24.cpp; sourceTree = "<group>"; };
		F02D3F1125F279800063716D /* generator24.hpp */ = {isa = PBXFileReference; lastKnownFileType = sourcecode.cpp.h; path = generator24.hpp; sourceTree = "<group>"; };
		F030AA1426AED0DB0019CCC4 /* SolverKeyboard.swift */ = {isa = PBXFileReference; lastKnownFileType = sourcecode.swift; path = SolverKeyboard.swift; sourceTree = "<group>"; };
		F030AA1626AED32D0019CCC4 /* RoundSpecificCorners.swift */ = {isa = PBXFileReference; lastKnownFileType = sourcecode.swift; path = RoundSpecificCorners.swift; sourceTree = "<group>"; };
		F034A34A262196E400528E6F /* MacTwentyFourPoints.app */ = {isa = PBXFileReference; explicitFileType = wrapper.application; includeInIndex = 0; path = MacTwentyFourPoints.app; sourceTree = BUILT_PRODUCTS_DIR; };
		F034A34C262196E400528E6F /* MacTwentyFourPointsApp.swift */ = {isa = PBXFileReference; lastKnownFileType = sourcecode.swift; path = MacTwentyFourPointsApp.swift; sourceTree = "<group>"; };
		F034A34E262196E400528E6F /* ContentView.swift */ = {isa = PBXFileReference; lastKnownFileType = sourcecode.swift; path = ContentView.swift; sourceTree = "<group>"; };
		F034A350262196E500528E6F /* Assets.xcassets */ = {isa = PBXFileReference; lastKnownFileType = folder.assetcatalog; path = Assets.xcassets; sourceTree = "<group>"; };
		F034A353262196E500528E6F /* Preview Assets.xcassets */ = {isa = PBXFileReference; lastKnownFileType = folder.assetcatalog; path = "Preview Assets.xcassets"; sourceTree = "<group>"; };
		F034A355262196E500528E6F /* Info.plist */ = {isa = PBXFileReference; lastKnownFileType = text.plist.xml; path = Info.plist; sourceTree = "<group>"; };
		F034A356262196E500528E6F /* MacTwentyFourPoints.entitlements */ = {isa = PBXFileReference; lastKnownFileType = text.plist.entitlements; path = MacTwentyFourPoints.entitlements; sourceTree = "<group>"; };
		F034A35B262196E500528E6F /* MacTwentyFourPointsTests.xctest */ = {isa = PBXFileReference; explicitFileType = wrapper.cfbundle; includeInIndex = 0; path = MacTwentyFourPointsTests.xctest; sourceTree = BUILT_PRODUCTS_DIR; };
		F034A35F262196E500528E6F /* MacTwentyFourPointsTests.swift */ = {isa = PBXFileReference; lastKnownFileType = sourcecode.swift; path = MacTwentyFourPointsTests.swift; sourceTree = "<group>"; };
		F034A361262196E500528E6F /* Info.plist */ = {isa = PBXFileReference; lastKnownFileType = text.plist.xml; path = Info.plist; sourceTree = "<group>"; };
		F034A366262196E500528E6F /* MacTwentyFourPointsUITests.xctest */ = {isa = PBXFileReference; explicitFileType = wrapper.cfbundle; includeInIndex = 0; path = MacTwentyFourPointsUITests.xctest; sourceTree = BUILT_PRODUCTS_DIR; };
		F034A36A262196E500528E6F /* MacTwentyFourPointsUITests.swift */ = {isa = PBXFileReference; lastKnownFileType = sourcecode.swift; path = MacTwentyFourPointsUITests.swift; sourceTree = "<group>"; };
		F034A36C262196E500528E6F /* Info.plist */ = {isa = PBXFileReference; lastKnownFileType = text.plist.xml; path = Info.plist; sourceTree = "<group>"; };
		F037DB1725F63CCB00872526 /* Info.plist */ = {isa = PBXFileReference; fileEncoding = 4; lastKnownFileType = text.plist.xml; path = Info.plist; sourceTree = "<group>"; };
		F037DB2525F63D5900872526 /* en */ = {isa = PBXFileReference; lastKnownFileType = text.plist.strings; name = en; path = en.lproj/InfoPlist.strings; sourceTree = "<group>"; };
		F037DB2A25F63D5C00872526 /* zh-Hans */ = {isa = PBXFileReference; lastKnownFileType = text.plist.strings; name = "zh-Hans"; path = "zh-Hans.lproj/InfoPlist.strings"; sourceTree = "<group>"; };
		F037DB3225F6466700872526 /* GameKit.framework */ = {isa = PBXFileReference; lastKnownFileType = wrapper.framework; name = GameKit.framework; path = System/Library/Frameworks/GameKit.framework; sourceTree = SDKROOT; };
		F04034E626A5FCEB00E84603 /* CalcEngine.swift */ = {isa = PBXFileReference; lastKnownFileType = sourcecode.swift; path = CalcEngine.swift; sourceTree = "<group>"; };
		F04034EA26A5FF4100E84603 /* utils.swift */ = {isa = PBXFileReference; lastKnownFileType = sourcecode.swift; path = utils.swift; sourceTree = "<group>"; };
		F04034EC26A6029800E84603 /* ProblemEngine.swift */ = {isa = PBXFileReference; lastKnownFileType = sourcecode.swift; path = ProblemEngine.swift; sourceTree = "<group>"; };
		F055927F25E8694400688D2C /* AchievementData.swift */ = {isa = PBXFileReference; lastKnownFileType = sourcecode.swift; path = AchievementData.swift; sourceTree = "<group>"; };
		F060656825F61D1700C62C29 /* en */ = {isa = PBXFileReference; lastKnownFileType = text.plist.strings; name = en; path = en.lproj/Localizable.strings; sourceTree = "<group>"; };
		F060656A25F61D1E00C62C29 /* zh-Hans */ = {isa = PBXFileReference; lastKnownFileType = text.plist.strings; name = "zh-Hans"; path = "zh-Hans.lproj/Localizable.strings"; sourceTree = "<group>"; };
		F08DF54A260733980082458B /* solverEngine.swift */ = {isa = PBXFileReference; lastKnownFileType = sourcecode.swift; path = solverEngine.swift; sourceTree = "<group>"; };
		F0A16D8F25E76C5600C46C62 /* achievementView.swift */ = {isa = PBXFileReference; lastKnownFileType = sourcecode.swift; path = achievementView.swift; sourceTree = "<group>"; };
		F0A16D9425E76E6A00C46C62 /* Twenty Four Points.entitlements */ = {isa = PBXFileReference; lastKnownFileType = text.plist.entitlements; path = "Twenty Four Points.entitlements"; sourceTree = "<group>"; };
		F0AB4EF725EBDAAE009F53CB /* AchievementPropic.swift */ = {isa = PBXFileReference; lastKnownFileType = sourcecode.swift; path = AchievementPropic.swift; sourceTree = "<group>"; };
		F0AB4EFC25EBE422009F53CB /* PersonaDetail.swift */ = {isa = PBXFileReference; lastKnownFileType = sourcecode.swift; path = PersonaDetail.swift; sourceTree = "<group>"; };
		F0B2E1D225D8D41D007DF20E /* 24 Points.app */ = {isa = PBXFileReference; explicitFileType = wrapper.application; includeInIndex = 0; path = "24 Points.app"; sourceTree = BUILT_PRODUCTS_DIR; };
		F0B2E1D525D8D41D007DF20E /* TwentyFourPointsApp.swift */ = {isa = PBXFileReference; lastKnownFileType = sourcecode.swift; path = TwentyFourPointsApp.swift; sourceTree = "<group>"; };
		F0B2E1D725D8D41D007DF20E /* ProblemView.swift */ = {isa = PBXFileReference; lastKnownFileType = sourcecode.swift; path = ProblemView.swift; sourceTree = "<group>"; };
		F0B2E1D925D8D41E007DF20E /* Assets.xcassets */ = {isa = PBXFileReference; lastKnownFileType = folder.assetcatalog; path = Assets.xcassets; sourceTree = "<group>"; };
		F0B2E1DC25D8D41E007DF20E /* Preview Assets.xcassets */ = {isa = PBXFileReference; lastKnownFileType = folder.assetcatalog; path = "Preview Assets.xcassets"; sourceTree = "<group>"; };
		F0B2E1E325D8D41F007DF20E /* TwentyFourPointsTests.xctest */ = {isa = PBXFileReference; explicitFileType = wrapper.cfbundle; includeInIndex = 0; path = TwentyFourPointsTests.xctest; sourceTree = BUILT_PRODUCTS_DIR; };
		F0B2E1E725D8D41F007DF20E /* TwentyFourPointsTests.swift */ = {isa = PBXFileReference; lastKnownFileType = sourcecode.swift; path = TwentyFourPointsTests.swift; sourceTree = "<group>"; };
		F0B2E1E925D8D41F007DF20E /* Info.plist */ = {isa = PBXFileReference; lastKnownFileType = text.plist.xml; path = Info.plist; sourceTree = "<group>"; };
		F0B2E1EE25D8D41F007DF20E /* TwentyFourPointsUITests.xctest */ = {isa = PBXFileReference; explicitFileType = wrapper.cfbundle; includeInIndex = 0; path = TwentyFourPointsUITests.xctest; sourceTree = BUILT_PRODUCTS_DIR; };
		F0B2E1F225D8D41F007DF20E /* TwentyFourPointsUITests.swift */ = {isa = PBXFileReference; lastKnownFileType = sourcecode.swift; path = TwentyFourPointsUITests.swift; sourceTree = "<group>"; };
		F0B2E1F425D8D41F007DF20E /* Info.plist */ = {isa = PBXFileReference; lastKnownFileType = text.plist.xml; path = Info.plist; sourceTree = "<group>"; };
		F0B2E20B25D8D496007DF20E /* Card.swift */ = {isa = PBXFileReference; fileEncoding = 4; lastKnownFileType = sourcecode.swift; path = Card.swift; sourceTree = "<group>"; };
		F0B2E21625D91617007DF20E /* CardLayout.swift */ = {isa = PBXFileReference; lastKnownFileType = sourcecode.swift; path = CardLayout.swift; sourceTree = "<group>"; };
		F0B2E21B25D91652007DF20E /* AppEngine.swift */ = {isa = PBXFileReference; lastKnownFileType = sourcecode.swift; path = AppEngine.swift; sourceTree = "<group>"; };
		F0B2E22925D9505A007DF20E /* BottomButtons.swift */ = {isa = PBXFileReference; lastKnownFileType = sourcecode.swift; path = BottomButtons.swift; sourceTree = "<group>"; };
		F0B3469025EF5B77001938A8 /* InGameRankUpView.swift */ = {isa = PBXFileReference; lastKnownFileType = sourcecode.swift; path = InGameRankUpView.swift; sourceTree = "<group>"; };
		F0B346D625F05572001938A8 /* confettiView.swift */ = {isa = PBXFileReference; lastKnownFileType = sourcecode.swift; path = confettiView.swift; sourceTree = "<group>"; };
		F0B5B44425E28FBE0073606E /* mainView.swift */ = {isa = PBXFileReference; lastKnownFileType = sourcecode.swift; path = mainView.swift; sourceTree = "<group>"; };
		F0CFB9332617662F00D66135 /* secrets.swift */ = {isa = PBXFileReference; lastKnownFileType = sourcecode.swift; path = secrets.swift; sourceTree = "<group>"; };
		F0E5FA6125F4AC9B0010E8A9 /* UIRotationObserver.swift */ = {isa = PBXFileReference; lastKnownFileType = sourcecode.swift; path = UIRotationObserver.swift; sourceTree = "<group>"; };
		F0E7271625DFC7BF00403CDD /* TopBar.swift */ = {isa = PBXFileReference; lastKnownFileType = sourcecode.swift; path = TopBar.swift; sourceTree = "<group>"; };
		F0F75722264139D800232985 /* whatsnewview.swift */ = {isa = PBXFileReference; lastKnownFileType = sourcecode.swift; path = whatsnewview.swift; sourceTree = "<group>"; };
		F0FF2E8A25F364740097B4A0 /* PreferencesView.swift */ = {isa = PBXFileReference; lastKnownFileType = sourcecode.swift; path = PreferencesView.swift; sourceTree = "<group>"; };
		F0FFF9B325ECB40000E90620 /* constants.swift */ = {isa = PBXFileReference; lastKnownFileType = sourcecode.swift; path = constants.swift; sourceTree = "<group>"; };
		F0FFF9BB25ECB8F600E90620 /* noobLayout.swift */ = {isa = PBXFileReference; lastKnownFileType = sourcecode.swift; path = noobLayout.swift; sourceTree = "<group>"; };
		F0FFF9C025ECD84200E90620 /* TutorialTextView.swift */ = {isa = PBXFileReference; lastKnownFileType = sourcecode.swift; path = TutorialTextView.swift; sourceTree = "<group>"; };
/* End PBXFileReference section */

/* Begin PBXFrameworksBuildPhase section */
		F034A347262196E400528E6F /* Frameworks */ = {
			isa = PBXFrameworksBuildPhase;
			buildActionMask = 2147483647;
			files = (
			);
			runOnlyForDeploymentPostprocessing = 0;
		};
		F034A358262196E500528E6F /* Frameworks */ = {
			isa = PBXFrameworksBuildPhase;
			buildActionMask = 2147483647;
			files = (
			);
			runOnlyForDeploymentPostprocessing = 0;
		};
		F034A363262196E500528E6F /* Frameworks */ = {
			isa = PBXFrameworksBuildPhase;
			buildActionMask = 2147483647;
			files = (
			);
			runOnlyForDeploymentPostprocessing = 0;
		};
		F0B2E1CF25D8D41D007DF20E /* Frameworks */ = {
			isa = PBXFrameworksBuildPhase;
			buildActionMask = 2147483647;
			files = (
				F037DB3325F6466700872526 /* GameKit.framework in Frameworks */,
				F0053800261C3BA10063D456 /* CloudKit.framework in Frameworks */,
			);
			runOnlyForDeploymentPostprocessing = 0;
		};
		F0B2E1E025D8D41F007DF20E /* Frameworks */ = {
			isa = PBXFrameworksBuildPhase;
			buildActionMask = 2147483647;
			files = (
			);
			runOnlyForDeploymentPostprocessing = 0;
		};
		F0B2E1EB25D8D41F007DF20E /* Frameworks */ = {
			isa = PBXFrameworksBuildPhase;
			buildActionMask = 2147483647;
			files = (
			);
			runOnlyForDeploymentPostprocessing = 0;
		};
/* End PBXFrameworksBuildPhase section */

/* Begin PBXGroup section */
		F034A34B262196E400528E6F /* MacTwentyFourPoints */ = {
			isa = PBXGroup;
			children = (
				F034A34C262196E400528E6F /* MacTwentyFourPointsApp.swift */,
				F034A34E262196E400528E6F /* ContentView.swift */,
				F034A350262196E500528E6F /* Assets.xcassets */,
				F034A355262196E500528E6F /* Info.plist */,
				F034A356262196E500528E6F /* MacTwentyFourPoints.entitlements */,
				F034A352262196E500528E6F /* Preview Content */,
			);
			path = MacTwentyFourPoints;
			sourceTree = "<group>";
		};
		F034A352262196E500528E6F /* Preview Content */ = {
			isa = PBXGroup;
			children = (
				F034A353262196E500528E6F /* Preview Assets.xcassets */,
			);
			path = "Preview Content";
			sourceTree = "<group>";
		};
		F034A35E262196E500528E6F /* MacTwentyFourPointsTests */ = {
			isa = PBXGroup;
			children = (
				F034A35F262196E500528E6F /* MacTwentyFourPointsTests.swift */,
				F034A361262196E500528E6F /* Info.plist */,
			);
			path = MacTwentyFourPointsTests;
			sourceTree = "<group>";
		};
		F034A369262196E500528E6F /* MacTwentyFourPointsUITests */ = {
			isa = PBXGroup;
			children = (
				F034A36A262196E500528E6F /* MacTwentyFourPointsUITests.swift */,
				F034A36C262196E500528E6F /* Info.plist */,
			);
			path = MacTwentyFourPointsUITests;
			sourceTree = "<group>";
		};
		F037DB3125F6466700872526 /* Frameworks */ = {
			isa = PBXGroup;
			children = (
				F00537FF261C3BA10063D456 /* CloudKit.framework */,
				F037DB3225F6466700872526 /* GameKit.framework */,
			);
			name = Frameworks;
			sourceTree = "<group>";
		};
		F04034E526A5FCC700E84603 /* Model */ = {
			isa = PBXGroup;
			children = (
				F0E5FA6125F4AC9B0010E8A9 /* UIRotationObserver.swift */,
				F0B2E21B25D91652007DF20E /* AppEngine.swift */,
				F04034EC26A6029800E84603 /* ProblemEngine.swift */,
				F04034EA26A5FF4100E84603 /* utils.swift */,
				F04034E626A5FCEB00E84603 /* CalcEngine.swift */,
				F013E97A25EDE26A00FCBCD4 /* tutorialEngine.swift */,
			);
			path = Model;
			sourceTree = "<group>";
		};
		F04034EE26A602B000E84603 /* Generator */ = {
			isa = PBXGroup;
			children = (
				F02D3F1025F279800063716D /* generator24.cpp */,
				F02D3F1125F279800063716D /* generator24.hpp */,
			);
			path = Generator;
			sourceTree = "<group>";
		};
		F04034EF26A603D500E84603 /* Achievements */ = {
			isa = PBXGroup;
			children = (
				F0A16D8F25E76C5600C46C62 /* achievementView.swift */,
				F055927F25E8694400688D2C /* AchievementData.swift */,
				F01DAD4825EBF2D00096740B /* personaFocusView.swift */,
				F0AB4EFC25EBE422009F53CB /* PersonaDetail.swift */,
				F0AB4EF725EBDAAE009F53CB /* AchievementPropic.swift */,
				F01DAD3C25EBEFBC0096740B /* LevelAchievementList.swift */,
				F007E805264E812900A32358 /* auxViews.swift */,
				F007E803264E80CA00A32358 /* SpeedAchievementList.swift */,
			);
			path = Achievements;
			sourceTree = "<group>";
		};
		F04034F026A6040000E84603 /* Solver */ = {
			isa = PBXGroup;
			children = (
				F08DF54A260733980082458B /* solverEngine.swift */,
				F02AB9F425E39EA7008EBE91 /* SolverView.swift */,
				F030AA1426AED0DB0019CCC4 /* SolverKeyboard.swift */,
			);
			path = Solver;
			sourceTree = "<group>";
		};
		F04034F126A6042A00E84603 /* Tutorial */ = {
			isa = PBXGroup;
			children = (
				F019984625EC5E5800946AD8 /* noobView.swift */,
				F0FFF9BB25ECB8F600E90620 /* noobLayout.swift */,
				F0FFF9C025ECD84200E90620 /* TutorialTextView.swift */,
			);
			path = Tutorial;
			sourceTree = "<group>";
		};
		F04034F226A6047100E84603 /* Problem */ = {
			isa = PBXGroup;
			children = (
				F0B3469025EF5B77001938A8 /* InGameRankUpView.swift */,
				F0B2E20B25D8D496007DF20E /* Card.swift */,
				F0B2E21625D91617007DF20E /* CardLayout.swift */,
				F0B2E1D725D8D41D007DF20E /* ProblemView.swift */,
				F02AB9FE25E4AF11008EBE91 /* konamiView.swift */,
				F0E7271625DFC7BF00403CDD /* TopBar.swift */,
				F0B2E22925D9505A007DF20E /* BottomButtons.swift */,
			);
			path = Problem;
			sourceTree = "<group>";
		};
		F04034F326A604B700E84603 /* Utility Views */ = {
			isa = PBXGroup;
			children = (
				F02AB9F925E39EFD008EBE91 /* navBarButton.swift */,
				F030AA1626AED32D0019CCC4 /* RoundSpecificCorners.swift */,
				F0B346D625F05572001938A8 /* confettiView.swift */,
			);
			path = "Utility Views";
			sourceTree = "<group>";
		};
		F0B2E1C925D8D41D007DF20E = {
			isa = PBXGroup;
			children = (
				F0B2E1D425D8D41D007DF20E /* TwentyFourPoints */,
				F034A34B262196E400528E6F /* MacTwentyFourPoints */,
				F0B2E1E625D8D41F007DF20E /* TwentyFourPointsTests */,
				F0B2E1F125D8D41F007DF20E /* TwentyFourPointsUITests */,
				F034A35E262196E500528E6F /* MacTwentyFourPointsTests */,
				F034A369262196E500528E6F /* MacTwentyFourPointsUITests */,
				F0B2E1D325D8D41D007DF20E /* Products */,
				F037DB3125F6466700872526 /* Frameworks */,
			);
			sourceTree = "<group>";
		};
		F0B2E1D325D8D41D007DF20E /* Products */ = {
			isa = PBXGroup;
			children = (
				F0B2E1D225D8D41D007DF20E /* 24 Points.app */,
				F0B2E1E325D8D41F007DF20E /* TwentyFourPointsTests.xctest */,
				F0B2E1EE25D8D41F007DF20E /* TwentyFourPointsUITests.xctest */,
				F034A34A262196E400528E6F /* MacTwentyFourPoints.app */,
				F034A35B262196E500528E6F /* MacTwentyFourPointsTests.xctest */,
				F034A366262196E500528E6F /* MacTwentyFourPointsUITests.xctest */,
			);
			name = Products;
			sourceTree = "<group>";
		};
		F0B2E1D425D8D41D007DF20E /* TwentyFourPoints */ = {
			isa = PBXGroup;
			children = (
				F0A16D9425E76E6A00C46C62 /* Twenty Four Points.entitlements */,
				F060656925F61D1700C62C29 /* Localizable.strings */,
				F0B2E1D525D8D41D007DF20E /* TwentyFourPointsApp.swift */,
				F037DB2625F63D5900872526 /* InfoPlist.strings */,
				F04034EE26A602B000E84603 /* Generator */,
				F04034E526A5FCC700E84603 /* Model */,
				F0CFB9332617662F00D66135 /* secrets.swift */,
				F013E98225EE607E00FCBCD4 /* commonFunctions.swift */,
				F0B5B44425E28FBE0073606E /* mainView.swift */,
				F0FF2E8A25F364740097B4A0 /* PreferencesView.swift */,
				F0F75722264139D800232985 /* whatsnewview.swift */,
				F0FFF9B325ECB40000E90620 /* constants.swift */,
				F04034F326A604B700E84603 /* Utility Views */,
				F04034F226A6047100E84603 /* Problem */,
				F04034F026A6040000E84603 /* Solver */,
				F04034EF26A603D500E84603 /* Achievements */,
				F04034F126A6042A00E84603 /* Tutorial */,
				F037DB1725F63CCB00872526 /* Info.plist */,
				F0B2E1D925D8D41E007DF20E /* Assets.xcassets */,
				F0B2E1DB25D8D41E007DF20E /* Preview Content */,
				F02D3F0F25F279800063716D /* TwentyFourPoints-Bridging-Header.h */,
			);
			path = TwentyFourPoints;
			sourceTree = "<group>";
		};
		F0B2E1DB25D8D41E007DF20E /* Preview Content */ = {
			isa = PBXGroup;
			children = (
				F0B2E1DC25D8D41E007DF20E /* Preview Assets.xcassets */,
			);
			path = "Preview Content";
			sourceTree = "<group>";
		};
		F0B2E1E625D8D41F007DF20E /* TwentyFourPointsTests */ = {
			isa = PBXGroup;
			children = (
				F0B2E1E725D8D41F007DF20E /* TwentyFourPointsTests.swift */,
				F0B2E1E925D8D41F007DF20E /* Info.plist */,
			);
			path = TwentyFourPointsTests;
			sourceTree = "<group>";
		};
		F0B2E1F125D8D41F007DF20E /* TwentyFourPointsUITests */ = {
			isa = PBXGroup;
			children = (
				F0B2E1F225D8D41F007DF20E /* TwentyFourPointsUITests.swift */,
				F0B2E1F425D8D41F007DF20E /* Info.plist */,
			);
			path = TwentyFourPointsUITests;
			sourceTree = "<group>";
		};
/* End PBXGroup section */

/* Begin PBXNativeTarget section */
		F034A349262196E400528E6F /* MacTwentyFourPoints */ = {
			isa = PBXNativeTarget;
			buildConfigurationList = F034A36D262196E500528E6F /* Build configuration list for PBXNativeTarget "MacTwentyFourPoints" */;
			buildPhases = (
				F034A346262196E400528E6F /* Sources */,
				F034A347262196E400528E6F /* Frameworks */,
				F034A348262196E400528E6F /* Resources */,
			);
			buildRules = (
			);
			dependencies = (
			);
			name = MacTwentyFourPoints;
			productName = MacTwentyFourPoints;
			productReference = F034A34A262196E400528E6F /* MacTwentyFourPoints.app */;
			productType = "com.apple.product-type.application";
		};
		F034A35A262196E500528E6F /* MacTwentyFourPointsTests */ = {
			isa = PBXNativeTarget;
			buildConfigurationList = F034A370262196E500528E6F /* Build configuration list for PBXNativeTarget "MacTwentyFourPointsTests" */;
			buildPhases = (
				F034A357262196E500528E6F /* Sources */,
				F034A358262196E500528E6F /* Frameworks */,
				F034A359262196E500528E6F /* Resources */,
			);
			buildRules = (
			);
			dependencies = (
				F034A35D262196E500528E6F /* PBXTargetDependency */,
			);
			name = MacTwentyFourPointsTests;
			productName = MacTwentyFourPointsTests;
			productReference = F034A35B262196E500528E6F /* MacTwentyFourPointsTests.xctest */;
			productType = "com.apple.product-type.bundle.unit-test";
		};
		F034A365262196E500528E6F /* MacTwentyFourPointsUITests */ = {
			isa = PBXNativeTarget;
			buildConfigurationList = F034A373262196E500528E6F /* Build configuration list for PBXNativeTarget "MacTwentyFourPointsUITests" */;
			buildPhases = (
				F034A362262196E500528E6F /* Sources */,
				F034A363262196E500528E6F /* Frameworks */,
				F034A364262196E500528E6F /* Resources */,
			);
			buildRules = (
			);
			dependencies = (
				F034A368262196E500528E6F /* PBXTargetDependency */,
			);
			name = MacTwentyFourPointsUITests;
			productName = MacTwentyFourPointsUITests;
			productReference = F034A366262196E500528E6F /* MacTwentyFourPointsUITests.xctest */;
			productType = "com.apple.product-type.bundle.ui-testing";
		};
		F0B2E1D125D8D41D007DF20E /* TwentyFourPoints */ = {
			isa = PBXNativeTarget;
			buildConfigurationList = F0B2E1F725D8D41F007DF20E /* Build configuration list for PBXNativeTarget "TwentyFourPoints" */;
			buildPhases = (
				F0B2E1CE25D8D41D007DF20E /* Sources */,
				F0B2E1CF25D8D41D007DF20E /* Frameworks */,
				F0B2E1D025D8D41D007DF20E /* Resources */,
			);
			buildRules = (
			);
			dependencies = (
			);
			name = TwentyFourPoints;
			packageProductDependencies = (
			);
			productName = TwentyFourPoints;
			productReference = F0B2E1D225D8D41D007DF20E /* 24 Points.app */;
			productType = "com.apple.product-type.application";
		};
		F0B2E1E225D8D41F007DF20E /* TwentyFourPointsTests */ = {
			isa = PBXNativeTarget;
			buildConfigurationList = F0B2E1FA25D8D41F007DF20E /* Build configuration list for PBXNativeTarget "TwentyFourPointsTests" */;
			buildPhases = (
				F0B2E1DF25D8D41F007DF20E /* Sources */,
				F0B2E1E025D8D41F007DF20E /* Frameworks */,
				F0B2E1E125D8D41F007DF20E /* Resources */,
			);
			buildRules = (
			);
			dependencies = (
				F0B2E1E525D8D41F007DF20E /* PBXTargetDependency */,
			);
			name = TwentyFourPointsTests;
			productName = TwentyFourPointsTests;
			productReference = F0B2E1E325D8D41F007DF20E /* TwentyFourPointsTests.xctest */;
			productType = "com.apple.product-type.bundle.unit-test";
		};
		F0B2E1ED25D8D41F007DF20E /* TwentyFourPointsUITests */ = {
			isa = PBXNativeTarget;
			buildConfigurationList = F0B2E1FD25D8D41F007DF20E /* Build configuration list for PBXNativeTarget "TwentyFourPointsUITests" */;
			buildPhases = (
				F0B2E1EA25D8D41F007DF20E /* Sources */,
				F0B2E1EB25D8D41F007DF20E /* Frameworks */,
				F0B2E1EC25D8D41F007DF20E /* Resources */,
			);
			buildRules = (
			);
			dependencies = (
				F0B2E1F025D8D41F007DF20E /* PBXTargetDependency */,
			);
			name = TwentyFourPointsUITests;
			productName = TwentyFourPointsUITests;
			productReference = F0B2E1EE25D8D41F007DF20E /* TwentyFourPointsUITests.xctest */;
			productType = "com.apple.product-type.bundle.ui-testing";
		};
/* End PBXNativeTarget section */

/* Begin PBXProject section */
		F0B2E1CA25D8D41D007DF20E /* Project object */ = {
			isa = PBXProject;
			attributes = {
				LastSwiftUpdateCheck = 1240;
				LastUpgradeCheck = 1300;
				TargetAttributes = {
					F034A349262196E400528E6F = {
						CreatedOnToolsVersion = 12.4;
					};
					F034A35A262196E500528E6F = {
						CreatedOnToolsVersion = 12.4;
						TestTargetID = F034A349262196E400528E6F;
					};
					F034A365262196E500528E6F = {
						CreatedOnToolsVersion = 12.4;
						TestTargetID = F034A349262196E400528E6F;
					};
					F0B2E1D125D8D41D007DF20E = {
						CreatedOnToolsVersion = 12.4;
						LastSwiftMigration = 1240;
					};
					F0B2E1E225D8D41F007DF20E = {
						CreatedOnToolsVersion = 12.4;
						TestTargetID = F0B2E1D125D8D41D007DF20E;
					};
					F0B2E1ED25D8D41F007DF20E = {
						CreatedOnToolsVersion = 12.4;
						TestTargetID = F0B2E1D125D8D41D007DF20E;
					};
				};
			};
			buildConfigurationList = F0B2E1CD25D8D41D007DF20E /* Build configuration list for PBXProject "TwentyFourPoints" */;
			compatibilityVersion = "Xcode 9.3";
			developmentRegion = en;
			hasScannedForEncodings = 0;
			knownRegions = (
				en,
				"zh-Hans",
				Base,
			);
			mainGroup = F0B2E1C925D8D41D007DF20E;
			packageReferences = (
			);
			productRefGroup = F0B2E1D325D8D41D007DF20E /* Products */;
			projectDirPath = "";
			projectRoot = "";
			targets = (
				F0B2E1D125D8D41D007DF20E /* TwentyFourPoints */,
				F0B2E1E225D8D41F007DF20E /* TwentyFourPointsTests */,
				F0B2E1ED25D8D41F007DF20E /* TwentyFourPointsUITests */,
				F034A349262196E400528E6F /* MacTwentyFourPoints */,
				F034A35A262196E500528E6F /* MacTwentyFourPointsTests */,
				F034A365262196E500528E6F /* MacTwentyFourPointsUITests */,
			);
		};
/* End PBXProject section */

/* Begin PBXResourcesBuildPhase section */
		F034A348262196E400528E6F /* Resources */ = {
			isa = PBXResourcesBuildPhase;
			buildActionMask = 2147483647;
			files = (
				F034A354262196E500528E6F /* Preview Assets.xcassets in Resources */,
				F034A351262196E500528E6F /* Assets.xcassets in Resources */,
			);
			runOnlyForDeploymentPostprocessing = 0;
		};
		F034A359262196E500528E6F /* Resources */ = {
			isa = PBXResourcesBuildPhase;
			buildActionMask = 2147483647;
			files = (
			);
			runOnlyForDeploymentPostprocessing = 0;
		};
		F034A364262196E500528E6F /* Resources */ = {
			isa = PBXResourcesBuildPhase;
			buildActionMask = 2147483647;
			files = (
			);
			runOnlyForDeploymentPostprocessing = 0;
		};
		F0B2E1D025D8D41D007DF20E /* Resources */ = {
			isa = PBXResourcesBuildPhase;
			buildActionMask = 2147483647;
			files = (
				F0B2E1DD25D8D41E007DF20E /* Preview Assets.xcassets in Resources */,
				F037DB2425F63D5900872526 /* InfoPlist.strings in Resources */,
				F060656725F61D1700C62C29 /* Localizable.strings in Resources */,
				F0B2E1DA25D8D41E007DF20E /* Assets.xcassets in Resources */,
			);
			runOnlyForDeploymentPostprocessing = 0;
		};
		F0B2E1E125D8D41F007DF20E /* Resources */ = {
			isa = PBXResourcesBuildPhase;
			buildActionMask = 2147483647;
			files = (
			);
			runOnlyForDeploymentPostprocessing = 0;
		};
		F0B2E1EC25D8D41F007DF20E /* Resources */ = {
			isa = PBXResourcesBuildPhase;
			buildActionMask = 2147483647;
			files = (
			);
			runOnlyForDeploymentPostprocessing = 0;
		};
/* End PBXResourcesBuildPhase section */

/* Begin PBXSourcesBuildPhase section */
		F034A346262196E400528E6F /* Sources */ = {
			isa = PBXSourcesBuildPhase;
			buildActionMask = 2147483647;
			files = (
				F034A34F262196E400528E6F /* ContentView.swift in Sources */,
				F034A34D262196E400528E6F /* MacTwentyFourPointsApp.swift in Sources */,
			);
			runOnlyForDeploymentPostprocessing = 0;
		};
		F034A357262196E500528E6F /* Sources */ = {
			isa = PBXSourcesBuildPhase;
			buildActionMask = 2147483647;
			files = (
				F034A360262196E500528E6F /* MacTwentyFourPointsTests.swift in Sources */,
			);
			runOnlyForDeploymentPostprocessing = 0;
		};
		F034A362262196E500528E6F /* Sources */ = {
			isa = PBXSourcesBuildPhase;
			buildActionMask = 2147483647;
			files = (
				F034A36B262196E500528E6F /* MacTwentyFourPointsUITests.swift in Sources */,
			);
			runOnlyForDeploymentPostprocessing = 0;
		};
		F0B2E1CE25D8D41D007DF20E /* Sources */ = {
			isa = PBXSourcesBuildPhase;
			buildActionMask = 2147483647;
			files = (
				F030AA1526AED0DB0019CCC4 /* SolverKeyboard.swift in Sources */,
				F01DAD4925EBF2D00096740B /* personaFocusView.swift in Sources */,
				F02AB9FA25E39EFD008EBE91 /* navBarButton.swift in Sources */,
				F013E98325EE607E00FCBCD4 /* commonFunctions.swift in Sources */,
				F0FFF9C125ECD84300E90620 /* TutorialTextView.swift in Sources */,
				F0B5B44525E28FBE0073606E /* mainView.swift in Sources */,
				F0B346D725F05573001938A8 /* confettiView.swift in Sources */,
				F007E806264E812900A32358 /* auxViews.swift in Sources */,
				F0E7271725DFC7BF00403CDD /* TopBar.swift in Sources */,
				F055928025E8694400688D2C /* AchievementData.swift in Sources */,
				F0F75723264139D800232985 /* whatsnewview.swift in Sources */,
				F0B2E1D825D8D41D007DF20E /* ProblemView.swift in Sources */,
				F02D3F1225F279800063716D /* generator24.cpp in Sources */,
				F007E804264E80CA00A32358 /* SpeedAchievementList.swift in Sources */,
				F08DF54B260733980082458B /* solverEngine.swift in Sources */,
				F0B2E20C25D8D496007DF20E /* Card.swift in Sources */,
				F0A16D9025E76C5600C46C62 /* achievementView.swift in Sources */,
				F030AA1726AED32D0019CCC4 /* RoundSpecificCorners.swift in Sources */,
				F0FFF9B425ECB40000E90620 /* constants.swift in Sources */,
				F0FF2E8B25F364740097B4A0 /* PreferencesView.swift in Sources */,
				F02AB9FF25E4AF11008EBE91 /* konamiView.swift in Sources */,
				F0AB4EF825EBDAAE009F53CB /* AchievementPropic.swift in Sources */,
				F04034E726A5FCEB00E84603 /* CalcEngine.swift in Sources */,
				F0CFB9342617662F00D66135 /* secrets.swift in Sources */,
				F0AB4EFD25EBE422009F53CB /* PersonaDetail.swift in Sources */,
				F0B2E1D625D8D41D007DF20E /* TwentyFourPointsApp.swift in Sources */,
				F0B2E21725D91617007DF20E /* CardLayout.swift in Sources */,
				F04034ED26A6029800E84603 /* ProblemEngine.swift in Sources */,
				F013E97B25EDE26A00FCBCD4 /* tutorialEngine.swift in Sources */,
				F0B2E22A25D9505A007DF20E /* BottomButtons.swift in Sources */,
				F04034EB26A5FF4100E84603 /* utils.swift in Sources */,
				F0E5FA6925F4AE4E0010E8A9 /* UIRotationObserver.swift in Sources */,
				F02AB9F525E39EA7008EBE91 /* SolverView.swift in Sources */,
				F0B2E21C25D91652007DF20E /* AppEngine.swift in Sources */,
				F019984725EC5E5800946AD8 /* noobView.swift in Sources */,
				F01DAD3D25EBEFBC0096740B /* LevelAchievementList.swift in Sources */,
				F0B3469825EF5D13001938A8 /* InGameRankUpView.swift in Sources */,
				F0FFF9BC25ECB8F600E90620 /* noobLayout.swift in Sources */,
			);
			runOnlyForDeploymentPostprocessing = 0;
		};
		F0B2E1DF25D8D41F007DF20E /* Sources */ = {
			isa = PBXSourcesBuildPhase;
			buildActionMask = 2147483647;
			files = (
				F0B2E1E825D8D41F007DF20E /* TwentyFourPointsTests.swift in Sources */,
			);
			runOnlyForDeploymentPostprocessing = 0;
		};
		F0B2E1EA25D8D41F007DF20E /* Sources */ = {
			isa = PBXSourcesBuildPhase;
			buildActionMask = 2147483647;
			files = (
				F0B2E1F325D8D41F007DF20E /* TwentyFourPointsUITests.swift in Sources */,
			);
			runOnlyForDeploymentPostprocessing = 0;
		};
/* End PBXSourcesBuildPhase section */

/* Begin PBXTargetDependency section */
		F034A35D262196E500528E6F /* PBXTargetDependency */ = {
			isa = PBXTargetDependency;
			target = F034A349262196E400528E6F /* MacTwentyFourPoints */;
			targetProxy = F034A35C262196E500528E6F /* PBXContainerItemProxy */;
		};
		F034A368262196E500528E6F /* PBXTargetDependency */ = {
			isa = PBXTargetDependency;
			target = F034A349262196E400528E6F /* MacTwentyFourPoints */;
			targetProxy = F034A367262196E500528E6F /* PBXContainerItemProxy */;
		};
		F0B2E1E525D8D41F007DF20E /* PBXTargetDependency */ = {
			isa = PBXTargetDependency;
			target = F0B2E1D125D8D41D007DF20E /* TwentyFourPoints */;
			targetProxy = F0B2E1E425D8D41F007DF20E /* PBXContainerItemProxy */;
		};
		F0B2E1F025D8D41F007DF20E /* PBXTargetDependency */ = {
			isa = PBXTargetDependency;
			target = F0B2E1D125D8D41D007DF20E /* TwentyFourPoints */;
			targetProxy = F0B2E1EF25D8D41F007DF20E /* PBXContainerItemProxy */;
		};
/* End PBXTargetDependency section */

/* Begin PBXVariantGroup section */
		F037DB2625F63D5900872526 /* InfoPlist.strings */ = {
			isa = PBXVariantGroup;
			children = (
				F037DB2525F63D5900872526 /* en */,
				F037DB2A25F63D5C00872526 /* zh-Hans */,
			);
			name = InfoPlist.strings;
			sourceTree = "<group>";
		};
		F060656925F61D1700C62C29 /* Localizable.strings */ = {
			isa = PBXVariantGroup;
			children = (
				F060656825F61D1700C62C29 /* en */,
				F060656A25F61D1E00C62C29 /* zh-Hans */,
			);
			name = Localizable.strings;
			sourceTree = "<group>";
		};
/* End PBXVariantGroup section */

/* Begin XCBuildConfiguration section */
		F034A36E262196E500528E6F /* Debug */ = {
			isa = XCBuildConfiguration;
			buildSettings = {
				ASSETCATALOG_COMPILER_APPICON_NAME = AppIcon;
				ASSETCATALOG_COMPILER_GLOBAL_ACCENT_COLOR_NAME = AccentColor;
				CODE_SIGN_ENTITLEMENTS = MacTwentyFourPoints/MacTwentyFourPoints.entitlements;
				CODE_SIGN_IDENTITY = "-";
				CODE_SIGN_STYLE = Automatic;
				COMBINE_HIDPI_IMAGES = YES;
				DEVELOPMENT_ASSET_PATHS = "\"MacTwentyFourPoints/Preview Content\"";
				DEVELOPMENT_TEAM = 9K2XM38XLK;
				ENABLE_HARDENED_RUNTIME = YES;
				ENABLE_PREVIEWS = YES;
				INFOPLIST_FILE = MacTwentyFourPoints/Info.plist;
				LD_RUNPATH_SEARCH_PATHS = (
					"$(inherited)",
					"@executable_path/../Frameworks",
				);
				MACOSX_DEPLOYMENT_TARGET = 11.1;
				PRODUCT_BUNDLE_IDENTIFIER = com.legitmichel777.TwentyFourPoints;
				PRODUCT_NAME = "$(TARGET_NAME)";
				SDKROOT = macosx;
				SWIFT_VERSION = 5.0;
			};
			name = Debug;
		};
		F034A36F262196E500528E6F /* Release */ = {
			isa = XCBuildConfiguration;
			buildSettings = {
				ASSETCATALOG_COMPILER_APPICON_NAME = AppIcon;
				ASSETCATALOG_COMPILER_GLOBAL_ACCENT_COLOR_NAME = AccentColor;
				CODE_SIGN_ENTITLEMENTS = MacTwentyFourPoints/MacTwentyFourPoints.entitlements;
				CODE_SIGN_IDENTITY = "-";
				CODE_SIGN_STYLE = Automatic;
				COMBINE_HIDPI_IMAGES = YES;
				DEVELOPMENT_ASSET_PATHS = "\"MacTwentyFourPoints/Preview Content\"";
				DEVELOPMENT_TEAM = 9K2XM38XLK;
				ENABLE_HARDENED_RUNTIME = YES;
				ENABLE_PREVIEWS = YES;
				INFOPLIST_FILE = MacTwentyFourPoints/Info.plist;
				LD_RUNPATH_SEARCH_PATHS = (
					"$(inherited)",
					"@executable_path/../Frameworks",
				);
				MACOSX_DEPLOYMENT_TARGET = 11.1;
				PRODUCT_BUNDLE_IDENTIFIER = com.legitmichel777.TwentyFourPoints;
				PRODUCT_NAME = "$(TARGET_NAME)";
				SDKROOT = macosx;
				SWIFT_VERSION = 5.0;
			};
			name = Release;
		};
		F034A371262196E500528E6F /* Debug */ = {
			isa = XCBuildConfiguration;
			buildSettings = {
				ALWAYS_EMBED_SWIFT_STANDARD_LIBRARIES = YES;
				BUNDLE_LOADER = "$(TEST_HOST)";
				CODE_SIGN_STYLE = Automatic;
				COMBINE_HIDPI_IMAGES = YES;
				DEVELOPMENT_TEAM = 9K2XM38XLK;
				INFOPLIST_FILE = MacTwentyFourPointsTests/Info.plist;
				LD_RUNPATH_SEARCH_PATHS = (
					"$(inherited)",
					"@executable_path/../Frameworks",
					"@loader_path/../Frameworks",
				);
				MACOSX_DEPLOYMENT_TARGET = 11.1;
				PRODUCT_BUNDLE_IDENTIFIER = com.legitmichel777.MacTwentyFourPointsTests;
				PRODUCT_NAME = "$(TARGET_NAME)";
				SDKROOT = macosx;
				SWIFT_VERSION = 5.0;
				TEST_HOST = "$(BUILT_PRODUCTS_DIR)/MacTwentyFourPoints.app/Contents/MacOS/MacTwentyFourPoints";
			};
			name = Debug;
		};
		F034A372262196E500528E6F /* Release */ = {
			isa = XCBuildConfiguration;
			buildSettings = {
				ALWAYS_EMBED_SWIFT_STANDARD_LIBRARIES = YES;
				BUNDLE_LOADER = "$(TEST_HOST)";
				CODE_SIGN_STYLE = Automatic;
				COMBINE_HIDPI_IMAGES = YES;
				DEVELOPMENT_TEAM = 9K2XM38XLK;
				INFOPLIST_FILE = MacTwentyFourPointsTests/Info.plist;
				LD_RUNPATH_SEARCH_PATHS = (
					"$(inherited)",
					"@executable_path/../Frameworks",
					"@loader_path/../Frameworks",
				);
				MACOSX_DEPLOYMENT_TARGET = 11.1;
				PRODUCT_BUNDLE_IDENTIFIER = com.legitmichel777.MacTwentyFourPointsTests;
				PRODUCT_NAME = "$(TARGET_NAME)";
				SDKROOT = macosx;
				SWIFT_VERSION = 5.0;
				TEST_HOST = "$(BUILT_PRODUCTS_DIR)/MacTwentyFourPoints.app/Contents/MacOS/MacTwentyFourPoints";
			};
			name = Release;
		};
		F034A374262196E500528E6F /* Debug */ = {
			isa = XCBuildConfiguration;
			buildSettings = {
				ALWAYS_EMBED_SWIFT_STANDARD_LIBRARIES = YES;
				CODE_SIGN_STYLE = Automatic;
				COMBINE_HIDPI_IMAGES = YES;
				DEVELOPMENT_TEAM = 9K2XM38XLK;
				INFOPLIST_FILE = MacTwentyFourPointsUITests/Info.plist;
				LD_RUNPATH_SEARCH_PATHS = (
					"$(inherited)",
					"@executable_path/../Frameworks",
					"@loader_path/../Frameworks",
				);
				MACOSX_DEPLOYMENT_TARGET = 11.1;
				PRODUCT_BUNDLE_IDENTIFIER = com.legitmichel777.MacTwentyFourPointsUITests;
				PRODUCT_NAME = "$(TARGET_NAME)";
				SDKROOT = macosx;
				SWIFT_VERSION = 5.0;
				TEST_TARGET_NAME = MacTwentyFourPoints;
			};
			name = Debug;
		};
		F034A375262196E500528E6F /* Release */ = {
			isa = XCBuildConfiguration;
			buildSettings = {
				ALWAYS_EMBED_SWIFT_STANDARD_LIBRARIES = YES;
				CODE_SIGN_STYLE = Automatic;
				COMBINE_HIDPI_IMAGES = YES;
				DEVELOPMENT_TEAM = 9K2XM38XLK;
				INFOPLIST_FILE = MacTwentyFourPointsUITests/Info.plist;
				LD_RUNPATH_SEARCH_PATHS = (
					"$(inherited)",
					"@executable_path/../Frameworks",
					"@loader_path/../Frameworks",
				);
				MACOSX_DEPLOYMENT_TARGET = 11.1;
				PRODUCT_BUNDLE_IDENTIFIER = com.legitmichel777.MacTwentyFourPointsUITests;
				PRODUCT_NAME = "$(TARGET_NAME)";
				SDKROOT = macosx;
				SWIFT_VERSION = 5.0;
				TEST_TARGET_NAME = MacTwentyFourPoints;
			};
			name = Release;
		};
		F0B2E1F525D8D41F007DF20E /* Debug */ = {
			isa = XCBuildConfiguration;
			buildSettings = {
				ALWAYS_SEARCH_USER_PATHS = NO;
				CLANG_ANALYZER_LOCALIZABILITY_NONLOCALIZED = YES;
				CLANG_ANALYZER_NONNULL = YES;
				CLANG_ANALYZER_NUMBER_OBJECT_CONVERSION = YES_AGGRESSIVE;
				CLANG_CXX_LANGUAGE_STANDARD = "gnu++14";
				CLANG_CXX_LIBRARY = "libc++";
				CLANG_ENABLE_MODULES = YES;
				CLANG_ENABLE_OBJC_ARC = YES;
				CLANG_ENABLE_OBJC_WEAK = YES;
				CLANG_WARN_BLOCK_CAPTURE_AUTORELEASING = YES;
				CLANG_WARN_BOOL_CONVERSION = YES;
				CLANG_WARN_COMMA = YES;
				CLANG_WARN_CONSTANT_CONVERSION = YES;
				CLANG_WARN_DEPRECATED_OBJC_IMPLEMENTATIONS = YES;
				CLANG_WARN_DIRECT_OBJC_ISA_USAGE = YES_ERROR;
				CLANG_WARN_DOCUMENTATION_COMMENTS = YES;
				CLANG_WARN_EMPTY_BODY = YES;
				CLANG_WARN_ENUM_CONVERSION = YES;
				CLANG_WARN_INFINITE_RECURSION = YES;
				CLANG_WARN_INT_CONVERSION = YES;
				CLANG_WARN_NON_LITERAL_NULL_CONVERSION = YES;
				CLANG_WARN_OBJC_IMPLICIT_RETAIN_SELF = YES;
				CLANG_WARN_OBJC_LITERAL_CONVERSION = YES;
				CLANG_WARN_OBJC_ROOT_CLASS = YES_ERROR;
				CLANG_WARN_QUOTED_INCLUDE_IN_FRAMEWORK_HEADER = YES;
				CLANG_WARN_RANGE_LOOP_ANALYSIS = YES;
				CLANG_WARN_STRICT_PROTOTYPES = YES;
				CLANG_WARN_SUSPICIOUS_MOVE = YES;
				CLANG_WARN_UNGUARDED_AVAILABILITY = YES_AGGRESSIVE;
				CLANG_WARN_UNREACHABLE_CODE = YES;
				CLANG_WARN__DUPLICATE_METHOD_MATCH = YES;
				COPY_PHASE_STRIP = NO;
				DEBUG_INFORMATION_FORMAT = dwarf;
				ENABLE_STRICT_OBJC_MSGSEND = YES;
				ENABLE_TESTABILITY = YES;
				GCC_C_LANGUAGE_STANDARD = gnu11;
				GCC_DYNAMIC_NO_PIC = NO;
				GCC_NO_COMMON_BLOCKS = YES;
				GCC_OPTIMIZATION_LEVEL = 0;
				GCC_PREPROCESSOR_DEFINITIONS = (
					"DEBUG=1",
					"$(inherited)",
				);
				GCC_WARN_64_TO_32_BIT_CONVERSION = YES;
				GCC_WARN_ABOUT_RETURN_TYPE = YES_ERROR;
				GCC_WARN_UNDECLARED_SELECTOR = YES;
				GCC_WARN_UNINITIALIZED_AUTOS = YES_AGGRESSIVE;
				GCC_WARN_UNUSED_FUNCTION = YES;
				GCC_WARN_UNUSED_VARIABLE = YES;
				IPHONEOS_DEPLOYMENT_TARGET = 14.0;
				MTL_ENABLE_DEBUG_INFO = INCLUDE_SOURCE;
				MTL_FAST_MATH = YES;
				ONLY_ACTIVE_ARCH = YES;
				PRODUCT_NAME = "";
				SDKROOT = iphoneos;
				SWIFT_ACTIVE_COMPILATION_CONDITIONS = DEBUG;
				SWIFT_OPTIMIZATION_LEVEL = "-Onone";
			};
			name = Debug;
		};
		F0B2E1F625D8D41F007DF20E /* Release */ = {
			isa = XCBuildConfiguration;
			buildSettings = {
				ALWAYS_SEARCH_USER_PATHS = NO;
				CLANG_ANALYZER_LOCALIZABILITY_NONLOCALIZED = YES;
				CLANG_ANALYZER_NONNULL = YES;
				CLANG_ANALYZER_NUMBER_OBJECT_CONVERSION = YES_AGGRESSIVE;
				CLANG_CXX_LANGUAGE_STANDARD = "gnu++14";
				CLANG_CXX_LIBRARY = "libc++";
				CLANG_ENABLE_MODULES = YES;
				CLANG_ENABLE_OBJC_ARC = YES;
				CLANG_ENABLE_OBJC_WEAK = YES;
				CLANG_WARN_BLOCK_CAPTURE_AUTORELEASING = YES;
				CLANG_WARN_BOOL_CONVERSION = YES;
				CLANG_WARN_COMMA = YES;
				CLANG_WARN_CONSTANT_CONVERSION = YES;
				CLANG_WARN_DEPRECATED_OBJC_IMPLEMENTATIONS = YES;
				CLANG_WARN_DIRECT_OBJC_ISA_USAGE = YES_ERROR;
				CLANG_WARN_DOCUMENTATION_COMMENTS = YES;
				CLANG_WARN_EMPTY_BODY = YES;
				CLANG_WARN_ENUM_CONVERSION = YES;
				CLANG_WARN_INFINITE_RECURSION = YES;
				CLANG_WARN_INT_CONVERSION = YES;
				CLANG_WARN_NON_LITERAL_NULL_CONVERSION = YES;
				CLANG_WARN_OBJC_IMPLICIT_RETAIN_SELF = YES;
				CLANG_WARN_OBJC_LITERAL_CONVERSION = YES;
				CLANG_WARN_OBJC_ROOT_CLASS = YES_ERROR;
				CLANG_WARN_QUOTED_INCLUDE_IN_FRAMEWORK_HEADER = YES;
				CLANG_WARN_RANGE_LOOP_ANALYSIS = YES;
				CLANG_WARN_STRICT_PROTOTYPES = YES;
				CLANG_WARN_SUSPICIOUS_MOVE = YES;
				CLANG_WARN_UNGUARDED_AVAILABILITY = YES_AGGRESSIVE;
				CLANG_WARN_UNREACHABLE_CODE = YES;
				CLANG_WARN__DUPLICATE_METHOD_MATCH = YES;
				COPY_PHASE_STRIP = NO;
				DEBUG_INFORMATION_FORMAT = "dwarf-with-dsym";
				ENABLE_NS_ASSERTIONS = NO;
				ENABLE_STRICT_OBJC_MSGSEND = YES;
				GCC_C_LANGUAGE_STANDARD = gnu11;
				GCC_NO_COMMON_BLOCKS = YES;
				GCC_WARN_64_TO_32_BIT_CONVERSION = YES;
				GCC_WARN_ABOUT_RETURN_TYPE = YES_ERROR;
				GCC_WARN_UNDECLARED_SELECTOR = YES;
				GCC_WARN_UNINITIALIZED_AUTOS = YES_AGGRESSIVE;
				GCC_WARN_UNUSED_FUNCTION = YES;
				GCC_WARN_UNUSED_VARIABLE = YES;
				IPHONEOS_DEPLOYMENT_TARGET = 14.0;
				MTL_ENABLE_DEBUG_INFO = NO;
				MTL_FAST_MATH = YES;
				PRODUCT_NAME = "";
				SDKROOT = iphoneos;
				SWIFT_COMPILATION_MODE = wholemodule;
				SWIFT_OPTIMIZATION_LEVEL = "-O";
				VALIDATE_PRODUCT = YES;
			};
			name = Release;
		};
		F0B2E1F825D8D41F007DF20E /* Debug */ = {
			isa = XCBuildConfiguration;
			buildSettings = {
				ASSETCATALOG_COMPILER_APPICON_NAME = AppIcon;
				ASSETCATALOG_COMPILER_GLOBAL_ACCENT_COLOR_NAME = AccentColor;
				CLANG_ENABLE_MODULES = YES;
				CODE_SIGN_ENTITLEMENTS = "TwentyFourPoints/Twenty Four Points.entitlements";
				CODE_SIGN_STYLE = Automatic;
				CURRENT_PROJECT_VERSION = 50;
				DEVELOPMENT_ASSET_PATHS = "\"TwentyFourPoints/Preview Content\"";
				DEVELOPMENT_TEAM = 9K2XM38XLK;
				ENABLE_PREVIEWS = YES;
				EXCLUDED_ARCHS = "";
				FRAMEWORK_SEARCH_PATHS = (
					"$(inherited)",
					"$(PROJECT_DIR)",
				);
				GCC_OPTIMIZATION_LEVEL = 3;
				INFOPLIST_FILE = TwentyFourPoints/Info.plist;
				IPHONEOS_DEPLOYMENT_TARGET = 14.0;
				LD_RUNPATH_SEARCH_PATHS = (
					"$(inherited)",
					"@executable_path/Frameworks",
				);
				MARKETING_VERSION = 1.1.3;
				ONLY_ACTIVE_ARCH = YES;
				OTHER_SWIFT_FLAGS = "";
				PRODUCT_BUNDLE_IDENTIFIER = com.legitmichel777.TwentyFourPoints;
				PRODUCT_MODULE_NAME = TwentyFourPoints;
				PRODUCT_NAME = "24 Points";
				SUPPORTS_MACCATALYST = NO;
				SUPPORTS_MAC_DESIGNED_FOR_IPHONE_IPAD = YES;
				SWIFT_OBJC_BRIDGING_HEADER = "TwentyFourPoints/TwentyFourPoints-Bridging-Header.h";
				SWIFT_OPTIMIZATION_LEVEL = "-Onone";
				SWIFT_VERSION = 5.0;
				TARGETED_DEVICE_FAMILY = "1,2";
			};
			name = Debug;
		};
		F0B2E1F925D8D41F007DF20E /* Release */ = {
			isa = XCBuildConfiguration;
			buildSettings = {
				ASSETCATALOG_COMPILER_APPICON_NAME = AppIcon;
				ASSETCATALOG_COMPILER_GLOBAL_ACCENT_COLOR_NAME = AccentColor;
				CLANG_ENABLE_MODULES = YES;
				CODE_SIGN_ENTITLEMENTS = "TwentyFourPoints/Twenty Four Points.entitlements";
				CODE_SIGN_STYLE = Automatic;
				CURRENT_PROJECT_VERSION = 50;
				DEVELOPMENT_ASSET_PATHS = "\"TwentyFourPoints/Preview Content\"";
				DEVELOPMENT_TEAM = 9K2XM38XLK;
				ENABLE_PREVIEWS = YES;
				EXCLUDED_ARCHS = "";
				FRAMEWORK_SEARCH_PATHS = (
					"$(inherited)",
					"$(PROJECT_DIR)",
				);
				INFOPLIST_FILE = TwentyFourPoints/Info.plist;
				IPHONEOS_DEPLOYMENT_TARGET = 14.0;
				LD_RUNPATH_SEARCH_PATHS = (
					"$(inherited)",
					"@executable_path/Frameworks",
				);
				MARKETING_VERSION = 1.1.3;
				OTHER_SWIFT_FLAGS = "";
				PRODUCT_BUNDLE_IDENTIFIER = com.legitmichel777.TwentyFourPoints;
				PRODUCT_MODULE_NAME = TwentyFourPoints;
				PRODUCT_NAME = "24 Points";
				SUPPORTS_MACCATALYST = NO;
				SUPPORTS_MAC_DESIGNED_FOR_IPHONE_IPAD = YES;
				SWIFT_OBJC_BRIDGING_HEADER = "TwentyFourPoints/TwentyFourPoints-Bridging-Header.h";
				SWIFT_OPTIMIZATION_LEVEL = "-O";
				SWIFT_VERSION = 5.0;
				TARGETED_DEVICE_FAMILY = "1,2";
			};
			name = Release;
		};
		F0B2E1FB25D8D41F007DF20E /* Debug */ = {
			isa = XCBuildConfiguration;
			buildSettings = {
				ALWAYS_EMBED_SWIFT_STANDARD_LIBRARIES = YES;
				BUNDLE_LOADER = "$(TEST_HOST)";
				CODE_SIGN_STYLE = Automatic;
				DEVELOPMENT_TEAM = 9K2XM38XLK;
				INFOPLIST_FILE = TwentyFourPointsTests/Info.plist;
				IPHONEOS_DEPLOYMENT_TARGET = 14.0;
				LD_RUNPATH_SEARCH_PATHS = (
					"$(inherited)",
					"@executable_path/Frameworks",
					"@loader_path/Frameworks",
				);
				PRODUCT_BUNDLE_IDENTIFIER = com.legitmichel777.TwentyFourPointsTests;
				PRODUCT_NAME = "$(TARGET_NAME)";
				SWIFT_VERSION = 5.0;
				TARGETED_DEVICE_FAMILY = "1,2";
				TEST_HOST = "$(BUILT_PRODUCTS_DIR)/TwentyFourPoints.app/TwentyFourPoints";
			};
			name = Debug;
		};
		F0B2E1FC25D8D41F007DF20E /* Release */ = {
			isa = XCBuildConfiguration;
			buildSettings = {
				ALWAYS_EMBED_SWIFT_STANDARD_LIBRARIES = YES;
				BUNDLE_LOADER = "$(TEST_HOST)";
				CODE_SIGN_STYLE = Automatic;
				DEVELOPMENT_TEAM = 9K2XM38XLK;
				INFOPLIST_FILE = TwentyFourPointsTests/Info.plist;
				IPHONEOS_DEPLOYMENT_TARGET = 14.0;
				LD_RUNPATH_SEARCH_PATHS = (
					"$(inherited)",
					"@executable_path/Frameworks",
					"@loader_path/Frameworks",
				);
				PRODUCT_BUNDLE_IDENTIFIER = com.legitmichel777.TwentyFourPointsTests;
				PRODUCT_NAME = "$(TARGET_NAME)";
				SWIFT_VERSION = 5.0;
				TARGETED_DEVICE_FAMILY = "1,2";
				TEST_HOST = "$(BUILT_PRODUCTS_DIR)/TwentyFourPoints.app/TwentyFourPoints";
			};
			name = Release;
		};
		F0B2E1FE25D8D41F007DF20E /* Debug */ = {
			isa = XCBuildConfiguration;
			buildSettings = {
				ALWAYS_EMBED_SWIFT_STANDARD_LIBRARIES = YES;
				CODE_SIGN_STYLE = Automatic;
				DEVELOPMENT_TEAM = 9K2XM38XLK;
				INFOPLIST_FILE = TwentyFourPointsUITests/Info.plist;
				LD_RUNPATH_SEARCH_PATHS = (
					"$(inherited)",
					"@executable_path/Frameworks",
					"@loader_path/Frameworks",
				);
				PRODUCT_BUNDLE_IDENTIFIER = com.legitmichel777.TwentyFourPointsUITests;
				PRODUCT_NAME = "$(TARGET_NAME)";
				SWIFT_VERSION = 5.0;
				TARGETED_DEVICE_FAMILY = "1,2";
				TEST_TARGET_NAME = TwentyFourPoints;
			};
			name = Debug;
		};
		F0B2E1FF25D8D41F007DF20E /* Release */ = {
			isa = XCBuildConfiguration;
			buildSettings = {
				ALWAYS_EMBED_SWIFT_STANDARD_LIBRARIES = YES;
				CODE_SIGN_STYLE = Automatic;
				DEVELOPMENT_TEAM = 9K2XM38XLK;
				INFOPLIST_FILE = TwentyFourPointsUITests/Info.plist;
				LD_RUNPATH_SEARCH_PATHS = (
					"$(inherited)",
					"@executable_path/Frameworks",
					"@loader_path/Frameworks",
				);
				PRODUCT_BUNDLE_IDENTIFIER = com.legitmichel777.TwentyFourPointsUITests;
				PRODUCT_NAME = "$(TARGET_NAME)";
				SWIFT_VERSION = 5.0;
				TARGETED_DEVICE_FAMILY = "1,2";
				TEST_TARGET_NAME = TwentyFourPoints;
			};
			name = Release;
		};
/* End XCBuildConfiguration section */

/* Begin XCConfigurationList section */
		F034A36D262196E500528E6F /* Build configuration list for PBXNativeTarget "MacTwentyFourPoints" */ = {
			isa = XCConfigurationList;
			buildConfigurations = (
				F034A36E262196E500528E6F /* Debug */,
				F034A36F262196E500528E6F /* Release */,
			);
			defaultConfigurationIsVisible = 0;
			defaultConfigurationName = Release;
		};
		F034A370262196E500528E6F /* Build configuration list for PBXNativeTarget "MacTwentyFourPointsTests" */ = {
			isa = XCConfigurationList;
			buildConfigurations = (
				F034A371262196E500528E6F /* Debug */,
				F034A372262196E500528E6F /* Release */,
			);
			defaultConfigurationIsVisible = 0;
			defaultConfigurationName = Release;
		};
		F034A373262196E500528E6F /* Build configuration list for PBXNativeTarget "MacTwentyFourPointsUITests" */ = {
			isa = XCConfigurationList;
			buildConfigurations = (
				F034A374262196E500528E6F /* Debug */,
				F034A375262196E500528E6F /* Release */,
			);
			defaultConfigurationIsVisible = 0;
			defaultConfigurationName = Release;
		};
		F0B2E1CD25D8D41D007DF20E /* Build configuration list for PBXProject "TwentyFourPoints" */ = {
			isa = XCConfigurationList;
			buildConfigurations = (
				F0B2E1F525D8D41F007DF20E /* Debug */,
				F0B2E1F625D8D41F007DF20E /* Release */,
			);
			defaultConfigurationIsVisible = 0;
			defaultConfigurationName = Release;
		};
		F0B2E1F725D8D41F007DF20E /* Build configuration list for PBXNativeTarget "TwentyFourPoints" */ = {
			isa = XCConfigurationList;
			buildConfigurations = (
				F0B2E1F825D8D41F007DF20E /* Debug */,
				F0B2E1F925D8D41F007DF20E /* Release */,
			);
			defaultConfigurationIsVisible = 0;
			defaultConfigurationName = Release;
		};
		F0B2E1FA25D8D41F007DF20E /* Build configuration list for PBXNativeTarget "TwentyFourPointsTests" */ = {
			isa = XCConfigurationList;
			buildConfigurations = (
				F0B2E1FB25D8D41F007DF20E /* Debug */,
				F0B2E1FC25D8D41F007DF20E /* Release */,
			);
			defaultConfigurationIsVisible = 0;
			defaultConfigurationName = Release;
		};
		F0B2E1FD25D8D41F007DF20E /* Build configuration list for PBXNativeTarget "TwentyFourPointsUITests" */ = {
			isa = XCConfigurationList;
			buildConfigurations = (
				F0B2E1FE25D8D41F007DF20E /* Debug */,
				F0B2E1FF25D8D41F007DF20E /* Release */,
			);
			defaultConfigurationIsVisible = 0;
			defaultConfigurationName = Release;
		};
/* End XCConfigurationList section */
	};
	rootObject = F0B2E1CA25D8D41D007DF20E /* Project object */;
}
